
Microsoft Visual Studio Solution File, Format Version 12.00
# Visual Studio 15
Project("{FAE04EC0-301F-11D3-BF4B-00C04F79EFBC}") = "PresentDelivery", "PresentDelivery.csproj", "{65AA6FE6-F47F-4722-8C0A-57EB87EE4C72}"
EndProject
Global
	GlobalSection(SolutionConfigurationPlatforms) = preSolution
		Debug|Any CPU = Debug|Any CPU
		Release|Any CPU = Release|Any CPU
	EndGlobalSection
	GlobalSection(ProjectConfigurationPlatforms) = postSolution
		{65AA6FE6-F47F-4722-8C0A-57EB87EE4C72}.Debug|Any CPU.ActiveCfg = Debug|Any CPU
		{65AA6FE6-F47F-4722-8C0A-57EB87EE4C72}.Debug|Any CPU.Build.0 = Debug|Any CPU
		{65AA6FE6-F47F-4722-8C0A-57EB87EE4C72}.Release|Any CPU.ActiveCfg = Release|Any CPU
		{65AA6FE6-F47F-4722-8C0A-57EB87EE4C72}.Release|Any CPU.Build.0 = Release|Any CPU
	EndGlobalSection
EndGlobal
